Microsoft Visual Studio Solution File, Format Version 12.00
# Visual Studio Version 17
VisualStudioVersion = 17.5.2.0
MinimumVisualStudioVersion = 10.0.40219.1
Project("{FAE04EC0-301F-11D3-BF4B-00C04F79EFBC}") = "DPAPIBlobReader", "DPAPIBlobReader.csproj", "{3539C2BF-6EB0-D0FD-F6EA-74F144DC527B}"
EndProject
Global
	GlobalSection(SolutionConfigurationPlatforms) = preSolution
		Debug|Any CPU = Debug|Any CPU
		Release|Any CPU = Release|Any CPU
	EndGlobalSection
	GlobalSection(ProjectConfigurationPlatforms) = postSolution
		{3539C2BF-6EB0-D0FD-F6EA-74F144DC527B}.Debug|Any CPU.ActiveCfg = Debug|Any CPU
		{3539C2BF-6EB0-D0FD-F6EA-74F144DC527B}.Debug|Any CPU.Build.0 = Debug|Any CPU
		{3539C2BF-6EB0-D0FD-F6EA-74F144DC527B}.Release|Any CPU.ActiveCfg = Release|Any CPU
		{3539C2BF-6EB0-D0FD-F6EA-74F144DC527B}.Release|Any CPU.Build.0 = Release|Any CPU
	EndGlobalSection
	GlobalSection(SolutionProperties) = preSolution
		HideSolutionNode = FALSE
	EndGlobalSection
	GlobalSection(ExtensibilityGlobals) = postSolution
		SolutionGuid = {C85A3CA1-29A7-4940-9BFB-3E4D9A8F857B}
	EndGlobalSection
EndGlobal
