Microsoft Visual Studio Solution File, Format Version 12.00
# Visual Studio Version 17
VisualStudioVersion = 17.5.2.0
MinimumVisualStudioVersion = 10.0.40219.1
Project("{FAE04EC0-301F-11D3-BF4B-00C04F79EFBC}") = "DPAPIDataExample", "DPAPIDataExample.csproj", "{08F5CEF2-49BC-2F7B-59E5-5BE9DB725133}"
EndProject
Global
	GlobalSection(SolutionConfigurationPlatforms) = preSolution
		Debug|Any CPU = Debug|Any CPU
		Release|Any CPU = Release|Any CPU
	EndGlobalSection
	GlobalSection(ProjectConfigurationPlatforms) = postSolution
		{08F5CEF2-49BC-2F7B-59E5-5BE9DB725133}.Debug|Any CPU.ActiveCfg = Debug|Any CPU
		{08F5CEF2-49BC-2F7B-59E5-5BE9DB725133}.Debug|Any CPU.Build.0 = Debug|Any CPU
		{08F5CEF2-49BC-2F7B-59E5-5BE9DB725133}.Release|Any CPU.ActiveCfg = Release|Any CPU
		{08F5CEF2-49BC-2F7B-59E5-5BE9DB725133}.Release|Any CPU.Build.0 = Release|Any CPU
	EndGlobalSection
	GlobalSection(SolutionProperties) = preSolution
		HideSolutionNode = FALSE
	EndGlobalSection
	GlobalSection(ExtensibilityGlobals) = postSolution
		SolutionGuid = {7685BCA4-6B61-44D1-99BA-87D2EF7312D2}
	EndGlobalSection
EndGlobal
